
Microsoft Visual Studio Solution File, Format Version 12.00
# Visual Studio 15
VisualStudioVersion = 15.0.28307.1972
MinimumVisualStudioVersion = 10.0.40219.1
Project("{8BC9CEB8-8B4A-11D0-8D11-00A0C91BC942}") = "sci_i_task_08", "sci_i_task_08\sci_i_task_08.vcxproj", "{F6A10878-4B99-4DB9-86F1-7C820F21C3A3}"
EndProject
Global
	GlobalSection(SolutionConfigurationPlatforms) = preSolution
		Debug|x64 = Debug|x64
		Debug|x86 = Debug|x86
		Release|x64 = Release|x64
		Release|x86 = Release|x86
	EndGlobalSection
	GlobalSection(ProjectConfigurationPlatforms) = postSolution
		{F6A10878-4B99-4DB9-86F1-7C820F21C3A3}.Debug|x64.ActiveCfg = Debug|x64
		{F6A10878-4B99-4DB9-86F1-7C820F21C3A3}.Debug|x64.Build.0 = Debug|x64
		{F6A10878-4B99-4DB9-86F1-7C820F21C3A3}.Debug|x86.ActiveCfg = Debug|Win32
		{F6A10878-4B99-4DB9-86F1-7C820F21C3A3}.Debug|x86.Build.0 = Debug|Win32
		{F6A10878-4B99-4DB9-86F1-7C820F21C3A3}.Release|x64.ActiveCfg = Release|x64
		{F6A10878-4B99-4DB9-86F1-7C820F21C3A3}.Release|x64.Build.0 = Release|x64
		{F6A10878-4B99-4DB9-86F1-7C820F21C3A3}.Release|x86.ActiveCfg = Release|Win32
		{F6A10878-4B99-4DB9-86F1-7C820F21C3A3}.Release|x86.Build.0 = Release|Win32
	EndGlobalSection
	GlobalSection(SolutionProperties) = preSolution
		HideSolutionNode = FALSE
	EndGlobalSection
	GlobalSection(ExtensibilityGlobals) = postSolution
		SolutionGuid = {2DA9A34F-6114-4A10-972D-39EB5FFC1832}
	EndGlobalSection
EndGlobal
